
Microsoft Visual Studio Solution File, Format Version 12.00
# Visual Studio 15
VisualStudioVersion = 15.0.28010.2050
MinimumVisualStudioVersion = 10.0.40219.1
Project("{FAE04EC0-301F-11D3-BF4B-00C04F79EFBC}") = "TaskListWebApp", "TaskListWebApp\TaskListWebApp.csproj", "{47BED991-48DF-41A8-A4E4-D3426FE6D539}"
EndProject
Global
	GlobalSection(SolutionConfigurationPlatforms) = preSolution
		Debug|Any CPU = Debug|Any CPU
		Release|Any CPU = Release|Any CPU
	EndGlobalSection
	GlobalSection(ProjectConfigurationPlatforms) = postSolution
		{47BED991-48DF-41A8-A4E4-D3426FE6D539}.Debug|Any CPU.ActiveCfg = Debug|Any CPU
		{47BED991-48DF-41A8-A4E4-D3426FE6D539}.Debug|Any CPU.Build.0 = Debug|Any CPU
		{47BED991-48DF-41A8-A4E4-D3426FE6D539}.Release|Any CPU.ActiveCfg = Release|Any CPU
		{47BED991-48DF-41A8-A4E4-D3426FE6D539}.Release|Any CPU.Build.0 = Release|Any CPU
	EndGlobalSection
	GlobalSection(SolutionProperties) = preSolution
		HideSolutionNode = FALSE
	EndGlobalSection
	GlobalSection(ExtensibilityGlobals) = postSolution
		SolutionGuid = {38B875A9-A11D-4309-9F10-B7A123726559}
	EndGlobalSection
EndGlobal
